
Microsoft Visual Studio Solution File, Format Version 12.00
# Visual Studio 2013
VisualStudioVersion = 12.0.21005.1
MinimumVisualStudioVersion = 10.0.40219.1
Project("{FAE04EC0-301F-11D3-BF4B-00C04F79EFBC}") = "Problem1", "Problem1\Problem1.csproj", "{C2A52E19-E3E1-4960-92D0-7DF3C881643D}"
EndProject
Project("{FAE04EC0-301F-11D3-BF4B-00C04F79EFBC}") = "UnitTestProject1", "UnitTestProject1\UnitTestProject1.csproj", "{E327B8F0-43ED-4BFB-BB0B-6FA9ED72FFD1}"
EndProject
Global
	GlobalSection(SolutionConfigurationPlatforms) = preSolution
		Debug|Any CPU = Debug|Any CPU
		Release|Any CPU = Release|Any CPU
	EndGlobalSection
	GlobalSection(ProjectConfigurationPlatforms) = postSolution
		{C2A52E19-E3E1-4960-92D0-7DF3C881643D}.Debug|Any CPU.ActiveCfg = Debug|Any CPU
		{C2A52E19-E3E1-4960-92D0-7DF3C881643D}.Debug|Any CPU.Build.0 = Debug|Any CPU
		{C2A52E19-E3E1-4960-92D0-7DF3C881643D}.Release|Any CPU.ActiveCfg = Release|Any CPU
		{C2A52E19-E3E1-4960-92D0-7DF3C881643D}.Release|Any CPU.Build.0 = Release|Any CPU
		{E327B8F0-43ED-4BFB-BB0B-6FA9ED72FFD1}.Debug|Any CPU.ActiveCfg = Debug|Any CPU
		{E327B8F0-43ED-4BFB-BB0B-6FA9ED72FFD1}.Debug|Any CPU.Build.0 = Debug|Any CPU
		{E327B8F0-43ED-4BFB-BB0B-6FA9ED72FFD1}.Release|Any CPU.ActiveCfg = Release|Any CPU
		{E327B8F0-43ED-4BFB-BB0B-6FA9ED72FFD1}.Release|Any CPU.Build.0 = Release|Any CPU
	EndGlobalSection
	GlobalSection(SolutionProperties) = preSolution
		HideSolutionNode = FALSE
	EndGlobalSection
EndGlobal
